
Microsoft Visual Studio Solution File, Format Version 12.00
# Visual Studio Version 16
VisualStudioVersion = 16.0.31410.357
MinimumVisualStudioVersion = 10.0.40219.1
Project("{FAE04EC0-301F-11D3-BF4B-00C04F79EFBC}") = "Binary_Search", "Binary_Search\Binary_Search.csproj", "{A6D9D62C-78C5-465A-AADD-FF3245A0A0C0}"
EndProject
Global
	GlobalSection(SolutionConfigurationPlatforms) = preSolution
		Debug|Any CPU = Debug|Any CPU
		Release|Any CPU = Release|Any CPU
	EndGlobalSection
	GlobalSection(ProjectConfigurationPlatforms) = postSolution
		{A6D9D62C-78C5-465A-AADD-FF3245A0A0C0}.Debug|Any CPU.ActiveCfg = Debug|Any CPU
		{A6D9D62C-78C5-465A-AADD-FF3245A0A0C0}.Debug|Any CPU.Build.0 = Debug|Any CPU
		{A6D9D62C-78C5-465A-AADD-FF3245A0A0C0}.Release|Any CPU.ActiveCfg = Release|Any CPU
		{A6D9D62C-78C5-465A-AADD-FF3245A0A0C0}.Release|Any CPU.Build.0 = Release|Any CPU
	EndGlobalSection
	GlobalSection(SolutionProperties) = preSolution
		HideSolutionNode = FALSE
	EndGlobalSection
	GlobalSection(ExtensibilityGlobals) = postSolution
		SolutionGuid = {449451B8-1827-46C2-95B9-6E20363DAFD9}
	EndGlobalSection
EndGlobal
